
Microsoft Visual Studio Solution File, Format Version 12.00
# Visual Studio Version 16
VisualStudioVersion = 16.0.30128.74
MinimumVisualStudioVersion = 10.0.40219.1
Project("{FAE04EC0-301F-11D3-BF4B-00C04F79EFBC}") = "ConsoleApp5", "ConsoleApp5.csproj", "{28FB592C-77A1-4966-B9C7-BA0743B2A86F}"
EndProject
Global
	GlobalSection(SolutionConfigurationPlatforms) = preSolution
		Debug|Any CPU = Debug|Any CPU
		Release|Any CPU = Release|Any CPU
	EndGlobalSection
	GlobalSection(ProjectConfigurationPlatforms) = postSolution
		{28FB592C-77A1-4966-B9C7-BA0743B2A86F}.Debug|Any CPU.ActiveCfg = Debug|Any CPU
		{28FB592C-77A1-4966-B9C7-BA0743B2A86F}.Debug|Any CPU.Build.0 = Debug|Any CPU
		{28FB592C-77A1-4966-B9C7-BA0743B2A86F}.Release|Any CPU.ActiveCfg = Release|Any CPU
		{28FB592C-77A1-4966-B9C7-BA0743B2A86F}.Release|Any CPU.Build.0 = Release|Any CPU
	EndGlobalSection
	GlobalSection(SolutionProperties) = preSolution
		HideSolutionNode = FALSE
	EndGlobalSection
	GlobalSection(ExtensibilityGlobals) = postSolution
		SolutionGuid = {E7C68A87-57BC-4355-B860-E3D1B4A53F63}
	EndGlobalSection
EndGlobal
